
Microsoft Visual Studio Solution File, Format Version 12.00
# Visual Studio Version 16
VisualStudioVersion = 16.0.32901.82
MinimumVisualStudioVersion = 10.0.40219.1
Project("{FAE04EC0-301F-11D3-BF4B-00C04F79EFBC}") = "LinnThitWinZayarBhoneMyintAssgt", "LinnThitWinZayarBhoneMyintAssgt.csproj", "{687261AF-B13C-4E09-B5AD-68993848A663}"
EndProject
Global
	GlobalSection(SolutionConfigurationPlatforms) = preSolution
		Debug|Any CPU = Debug|Any CPU
		Release|Any CPU = Release|Any CPU
	EndGlobalSection
	GlobalSection(ProjectConfigurationPlatforms) = postSolution
		{687261AF-B13C-4E09-B5AD-68993848A663}.Debug|Any CPU.ActiveCfg = Debug|Any CPU
		{687261AF-B13C-4E09-B5AD-68993848A663}.Debug|Any CPU.Build.0 = Debug|Any CPU
		{687261AF-B13C-4E09-B5AD-68993848A663}.Release|Any CPU.ActiveCfg = Release|Any CPU
		{687261AF-B13C-4E09-B5AD-68993848A663}.Release|Any CPU.Build.0 = Release|Any CPU
	EndGlobalSection
	GlobalSection(SolutionProperties) = preSolution
		HideSolutionNode = FALSE
	EndGlobalSection
	GlobalSection(ExtensibilityGlobals) = postSolution
		SolutionGuid = {65C6FC53-6D66-4D54-82B6-92A337CF4347}
	EndGlobalSection
EndGlobal
